
Microsoft Visual Studio Solution File, Format Version 12.00
# Visual Studio Version 17
VisualStudioVersion = 17.14.36414.22
MinimumVisualStudioVersion = 10.0.40219.1
Project("{FAE04EC0-301F-11D3-BF4B-00C04F79EFBC}") = "Calcpad.WebApi", "Calcpad.WebApi\Calcpad.WebApi.csproj", "{070B6ECD-A4BA-4160-AFC1-FB31593D1A5A}"
EndProject
Project("{FAE04EC0-301F-11D3-BF4B-00C04F79EFBC}") = "Calcpad.Core", "..\Calcpad.Core\Calcpad.Core.csproj", "{AB9ED28B-2BAA-D622-594D-27961DC726AF}"
EndProject
Project("{FAE04EC0-301F-11D3-BF4B-00C04F79EFBC}") = "Calcpad.OpenXml", "..\Calcpad.OpenXml\Calcpad.OpenXml.csproj", "{F365A269-C85B-5C97-7109-88030438FDA8}"
EndProject
Project("{FAE04EC0-301F-11D3-BF4B-00C04F79EFBC}") = "Calcpad.Document", "Calcpad.Document\Calcpad.Document.csproj", "{8A9BAF73-53AE-4147-A687-C9C072982743}"
EndProject
Project("{FAE04EC0-301F-11D3-BF4B-00C04F79EFBC}") = "Calcpad.wpf", "..\Calcpad.Wpf\Calcpad.wpf.csproj", "{1C2C5AE9-0FBB-427F-DBA8-8EC97791FE7C}"
EndProject
Global
	GlobalSection(SolutionConfigurationPlatforms) = preSolution
		Debug|Any CPU = Debug|Any CPU
		Release|Any CPU = Release|Any CPU
	EndGlobalSection
	GlobalSection(ProjectConfigurationPlatforms) = postSolution
		{070B6ECD-A4BA-4160-AFC1-FB31593D1A5A}.Debug|Any CPU.ActiveCfg = Debug|Any CPU
		{070B6ECD-A4BA-4160-AFC1-FB31593D1A5A}.Debug|Any CPU.Build.0 = Debug|Any CPU
		{070B6ECD-A4BA-4160-AFC1-FB31593D1A5A}.Release|Any CPU.ActiveCfg = Release|Any CPU
		{070B6ECD-A4BA-4160-AFC1-FB31593D1A5A}.Release|Any CPU.Build.0 = Release|Any CPU
		{AB9ED28B-2BAA-D622-594D-27961DC726AF}.Debug|Any CPU.ActiveCfg = Debug|Any CPU
		{AB9ED28B-2BAA-D622-594D-27961DC726AF}.Debug|Any CPU.Build.0 = Debug|Any CPU
		{AB9ED28B-2BAA-D622-594D-27961DC726AF}.Release|Any CPU.ActiveCfg = Release|Any CPU
		{AB9ED28B-2BAA-D622-594D-27961DC726AF}.Release|Any CPU.Build.0 = Release|Any CPU
		{F365A269-C85B-5C97-7109-88030438FDA8}.Debug|Any CPU.ActiveCfg = Debug|Any CPU
		{F365A269-C85B-5C97-7109-88030438FDA8}.Debug|Any CPU.Build.0 = Debug|Any CPU
		{F365A269-C85B-5C97-7109-88030438FDA8}.Release|Any CPU.ActiveCfg = Release|Any CPU
		{F365A269-C85B-5C97-7109-88030438FDA8}.Release|Any CPU.Build.0 = Release|Any CPU
		{8A9BAF73-53AE-4147-A687-C9C072982743}.Debug|Any CPU.ActiveCfg = Debug|Any CPU
		{8A9BAF73-53AE-4147-A687-C9C072982743}.Debug|Any CPU.Build.0 = Debug|Any CPU
		{8A9BAF73-53AE-4147-A687-C9C072982743}.Release|Any CPU.ActiveCfg = Release|Any CPU
		{8A9BAF73-53AE-4147-A687-C9C072982743}.Release|Any CPU.Build.0 = Release|Any CPU
		{1C2C5AE9-0FBB-427F-DBA8-8EC97791FE7C}.Debug|Any CPU.ActiveCfg = Debug|Any CPU
		{1C2C5AE9-0FBB-427F-DBA8-8EC97791FE7C}.Debug|Any CPU.Build.0 = Debug|Any CPU
		{1C2C5AE9-0FBB-427F-DBA8-8EC97791FE7C}.Release|Any CPU.ActiveCfg = Release|Any CPU
		{1C2C5AE9-0FBB-427F-DBA8-8EC97791FE7C}.Release|Any CPU.Build.0 = Release|Any CPU
	EndGlobalSection
	GlobalSection(SolutionProperties) = preSolution
		HideSolutionNode = FALSE
	EndGlobalSection
	GlobalSection(ExtensibilityGlobals) = postSolution
		SolutionGuid = {60A01AB8-0234-481D-9D93-89CBC4B86732}
	EndGlobalSection
EndGlobal
